# This file was autogenerated by Stack.
# You should not edit this file by hand.
# For more information, please see the documentation at:
#   https://docs.haskellstack.org/en/stable/lock_files

packages:
- completed:
    hackage: diagrams-pgf-1.4.2@sha256:d7ce2197cb24f9f802395f260250ba5484ab0237e8354bb76cfb661873a26e93,2068
    pantry-tree:
      size: 703
      sha256: 1d4082cbb4f8e010b6fad164ff97f086bc41b081b77c69bd9938ba34525da8cf
  original:
    hackage: diagrams-pgf-1.4.2
- completed:
    hackage: texrunner-0.0.1.2@sha256:fd67a3f946afa3c23179b1fce0ee43b3348f9ee134109996a526429331226d8f,1909
    pantry-tree:
      size: 630
      sha256: 9e064a28d4fb60b6d0d1b3d2d39d1058918b4272571eeee662b36b3866fc4728
  original:
    hackage: texrunner-0.0.1.2@sha256:fd67a3f946afa3c23179b1fce0ee43b3348f9ee134109996a526429331226d8f,1909
snapshots:
- completed:
    size: 619173
    url: https://raw.githubusercontent.com/commercialhaskell/stackage-snapshots/master/lts/19/20.yaml
    sha256: be747117bed6d462806c883352c3206325b23480825103f5c87884e97e52819a
  original:
    url: https://raw.githubusercontent.com/commercialhaskell/stackage-snapshots/master/lts/19/20.yaml
